
Microsoft Visual Studio Solution File, Format Version 12.00
# Visual Studio Version 16
VisualStudioVersion = 16.0.31613.86
MinimumVisualStudioVersion = 10.0.40219.1
Project("{9A19103F-16F7-4668-BE54-9A1E7A4F7556}") = "PJW.Web", "PJW\PJW.Web.csproj", "{38B94043-CDE1-4F3F-8D85-1533722741CE}"
	ProjectSection(ProjectDependencies) = postProject
		{F928B720-EB53-429B-BDAD-1A68F909F77D} = {F928B720-EB53-429B-BDAD-1A68F909F77D}
		{1749C0A6-78F2-4F4D-8C83-314B6BAE0C2E} = {1749C0A6-78F2-4F4D-8C83-314B6BAE0C2E}
		{E52986F9-28AB-4426-8400-D1FE8D3A8176} = {E52986F9-28AB-4426-8400-D1FE8D3A8176}
	EndProjectSection
EndProject
Project("{2150E333-8FDC-42A3-9474-1A3956D46DE8}") = "1.Common", "1.Common", "{09DE5F91-DEE4-4803-96FA-E32FD9330D18}"
EndProject
Project("{9A19103F-16F7-4668-BE54-9A1E7A4F7556}") = "Configuration", "Configuration\Configuration.csproj", "{E52986F9-28AB-4426-8400-D1FE8D3A8176}"
EndProject
Project("{FAE04EC0-301F-11D3-BF4B-00C04F79EFBC}") = "Infrastructure", "Infrastructure\Infrastructure.csproj", "{F928B720-EB53-429B-BDAD-1A68F909F77D}"
	ProjectSection(ProjectDependencies) = postProject
		{E52986F9-28AB-4426-8400-D1FE8D3A8176} = {E52986F9-28AB-4426-8400-D1FE8D3A8176}
	EndProjectSection
EndProject
Project("{2150E333-8FDC-42A3-9474-1A3956D46DE8}") = "2.Models", "2.Models", "{2EC275B3-0723-49D2-A3E3-4F421D71BA1D}"
EndProject
Project("{FAE04EC0-301F-11D3-BF4B-00C04F79EFBC}") = "DbModel", "DbModel\DbModel.csproj", "{1749C0A6-78F2-4F4D-8C83-314B6BAE0C2E}"
	ProjectSection(ProjectDependencies) = postProject
		{F928B720-EB53-429B-BDAD-1A68F909F77D} = {F928B720-EB53-429B-BDAD-1A68F909F77D}
	EndProjectSection
EndProject
Project("{FAE04EC0-301F-11D3-BF4B-00C04F79EFBC}") = "Mapping", "Mapping\Mapping.csproj", "{0D9BD6A0-52B5-4860-A4C3-8E17BF76F266}"
EndProject
Project("{FAE04EC0-301F-11D3-BF4B-00C04F79EFBC}") = "ServicesModel", "ServicesModel\ServicesModel.csproj", "{0A72BA31-1F33-4F9E-BE7A-9A07400EBD75}"
EndProject
Project("{FAE04EC0-301F-11D3-BF4B-00C04F79EFBC}") = "ViewModels", "ViewModels\ViewModels.csproj", "{7ADD9F07-DD95-4FEF-A168-802223659F7D}"
EndProject
Project("{2150E333-8FDC-42A3-9474-1A3956D46DE8}") = "3.Repository", "3.Repository", "{2439F7A4-E2E2-4DA2-B72A-E2A7AA019FAC}"
EndProject
Project("{FAE04EC0-301F-11D3-BF4B-00C04F79EFBC}") = "Repository", "Repository\Repository.csproj", "{69847813-9ADE-4884-8ABF-E5258A99D830}"
EndProject
Global
	GlobalSection(SolutionConfigurationPlatforms) = preSolution
		Debug|Any CPU = Debug|Any CPU
		Release|Any CPU = Release|Any CPU
	EndGlobalSection
	GlobalSection(ProjectConfigurationPlatforms) = postSolution
		{38B94043-CDE1-4F3F-8D85-1533722741CE}.Debug|Any CPU.ActiveCfg = Debug|Any CPU
		{38B94043-CDE1-4F3F-8D85-1533722741CE}.Debug|Any CPU.Build.0 = Debug|Any CPU
		{38B94043-CDE1-4F3F-8D85-1533722741CE}.Release|Any CPU.ActiveCfg = Release|Any CPU
		{38B94043-CDE1-4F3F-8D85-1533722741CE}.Release|Any CPU.Build.0 = Release|Any CPU
		{E52986F9-28AB-4426-8400-D1FE8D3A8176}.Debug|Any CPU.ActiveCfg = Debug|Any CPU
		{E52986F9-28AB-4426-8400-D1FE8D3A8176}.Debug|Any CPU.Build.0 = Debug|Any CPU
		{E52986F9-28AB-4426-8400-D1FE8D3A8176}.Release|Any CPU.ActiveCfg = Release|Any CPU
		{E52986F9-28AB-4426-8400-D1FE8D3A8176}.Release|Any CPU.Build.0 = Release|Any CPU
		{F928B720-EB53-429B-BDAD-1A68F909F77D}.Debug|Any CPU.ActiveCfg = Debug|Any CPU
		{F928B720-EB53-429B-BDAD-1A68F909F77D}.Debug|Any CPU.Build.0 = Debug|Any CPU
		{F928B720-EB53-429B-BDAD-1A68F909F77D}.Release|Any CPU.ActiveCfg = Release|Any CPU
		{F928B720-EB53-429B-BDAD-1A68F909F77D}.Release|Any CPU.Build.0 = Release|Any CPU
		{1749C0A6-78F2-4F4D-8C83-314B6BAE0C2E}.Debug|Any CPU.ActiveCfg = Debug|Any CPU
		{1749C0A6-78F2-4F4D-8C83-314B6BAE0C2E}.Debug|Any CPU.Build.0 = Debug|Any CPU
		{1749C0A6-78F2-4F4D-8C83-314B6BAE0C2E}.Release|Any CPU.ActiveCfg = Release|Any CPU
		{1749C0A6-78F2-4F4D-8C83-314B6BAE0C2E}.Release|Any CPU.Build.0 = Release|Any CPU
		{0D9BD6A0-52B5-4860-A4C3-8E17BF76F266}.Debug|Any CPU.ActiveCfg = Debug|Any CPU
		{0D9BD6A0-52B5-4860-A4C3-8E17BF76F266}.Debug|Any CPU.Build.0 = Debug|Any CPU
		{0D9BD6A0-52B5-4860-A4C3-8E17BF76F266}.Release|Any CPU.ActiveCfg = Release|Any CPU
		{0D9BD6A0-52B5-4860-A4C3-8E17BF76F266}.Release|Any CPU.Build.0 = Release|Any CPU
		{0A72BA31-1F33-4F9E-BE7A-9A07400EBD75}.Debug|Any CPU.ActiveCfg = Debug|Any CPU
		{0A72BA31-1F33-4F9E-BE7A-9A07400EBD75}.Debug|Any CPU.Build.0 = Debug|Any CPU
		{0A72BA31-1F33-4F9E-BE7A-9A07400EBD75}.Release|Any CPU.ActiveCfg = Release|Any CPU
		{0A72BA31-1F33-4F9E-BE7A-9A07400EBD75}.Release|Any CPU.Build.0 = Release|Any CPU
		{7ADD9F07-DD95-4FEF-A168-802223659F7D}.Debug|Any CPU.ActiveCfg = Debug|Any CPU
		{7ADD9F07-DD95-4FEF-A168-802223659F7D}.Debug|Any CPU.Build.0 = Debug|Any CPU
		{7ADD9F07-DD95-4FEF-A168-802223659F7D}.Release|Any CPU.ActiveCfg = Release|Any CPU
		{7ADD9F07-DD95-4FEF-A168-802223659F7D}.Release|Any CPU.Build.0 = Release|Any CPU
		{69847813-9ADE-4884-8ABF-E5258A99D830}.Debug|Any CPU.ActiveCfg = Debug|Any CPU
		{69847813-9ADE-4884-8ABF-E5258A99D830}.Debug|Any CPU.Build.0 = Debug|Any CPU
		{69847813-9ADE-4884-8ABF-E5258A99D830}.Release|Any CPU.ActiveCfg = Release|Any CPU
		{69847813-9ADE-4884-8ABF-E5258A99D830}.Release|Any CPU.Build.0 = Release|Any CPU
	EndGlobalSection
	GlobalSection(SolutionProperties) = preSolution
		HideSolutionNode = FALSE
	EndGlobalSection
	GlobalSection(NestedProjects) = preSolution
		{E52986F9-28AB-4426-8400-D1FE8D3A8176} = {09DE5F91-DEE4-4803-96FA-E32FD9330D18}
		{F928B720-EB53-429B-BDAD-1A68F909F77D} = {09DE5F91-DEE4-4803-96FA-E32FD9330D18}
		{1749C0A6-78F2-4F4D-8C83-314B6BAE0C2E} = {2EC275B3-0723-49D2-A3E3-4F421D71BA1D}
		{0D9BD6A0-52B5-4860-A4C3-8E17BF76F266} = {2EC275B3-0723-49D2-A3E3-4F421D71BA1D}
		{0A72BA31-1F33-4F9E-BE7A-9A07400EBD75} = {2EC275B3-0723-49D2-A3E3-4F421D71BA1D}
		{7ADD9F07-DD95-4FEF-A168-802223659F7D} = {2EC275B3-0723-49D2-A3E3-4F421D71BA1D}
		{69847813-9ADE-4884-8ABF-E5258A99D830} = {2439F7A4-E2E2-4DA2-B72A-E2A7AA019FAC}
	EndGlobalSection
	GlobalSection(ExtensibilityGlobals) = postSolution
		SolutionGuid = {36926122-C6D9-4002-8E4A-F1820251381F}
	EndGlobalSection
EndGlobal
